
Microsoft Visual Studio Solution File, Format Version 12.00
# Visual Studio Version 17
VisualStudioVersion = 17.3.32901.215
MinimumVisualStudioVersion = 10.0.40219.1
Project("{FAE04EC0-301F-11D3-BF4B-00C04F79EFBC}") = "LibraryManagementSystem.Entites", "LibraryManagementSystem.Entites\LibraryManagementSystem.Entites.csproj", "{3971EFEB-9F78-425D-A94E-32436991EF28}"
EndProject
Project("{9A19103F-16F7-4668-BE54-9A1E7A4F7556}") = "LibraryManagementSystem", "LibraryManagementSystem\LibraryManagementSystem.csproj", "{152BA3BA-0B7A-46C6-81B8-8FD5C0FCD394}"
EndProject
Global
	GlobalSection(SolutionConfigurationPlatforms) = preSolution
		Debug|Any CPU = Debug|Any CPU
		Release|Any CPU = Release|Any CPU
	EndGlobalSection
	GlobalSection(ProjectConfigurationPlatforms) = postSolution
		{3971EFEB-9F78-425D-A94E-32436991EF28}.Debug|Any CPU.ActiveCfg = Debug|Any CPU
		{3971EFEB-9F78-425D-A94E-32436991EF28}.Debug|Any CPU.Build.0 = Debug|Any CPU
		{3971EFEB-9F78-425D-A94E-32436991EF28}.Release|Any CPU.ActiveCfg = Release|Any CPU
		{3971EFEB-9F78-425D-A94E-32436991EF28}.Release|Any CPU.Build.0 = Release|Any CPU
		{152BA3BA-0B7A-46C6-81B8-8FD5C0FCD394}.Debug|Any CPU.ActiveCfg = Debug|Any CPU
		{152BA3BA-0B7A-46C6-81B8-8FD5C0FCD394}.Debug|Any CPU.Build.0 = Debug|Any CPU
		{152BA3BA-0B7A-46C6-81B8-8FD5C0FCD394}.Release|Any CPU.ActiveCfg = Release|Any CPU
		{152BA3BA-0B7A-46C6-81B8-8FD5C0FCD394}.Release|Any CPU.Build.0 = Release|Any CPU
	EndGlobalSection
	GlobalSection(SolutionProperties) = preSolution
		HideSolutionNode = FALSE
	EndGlobalSection
	GlobalSection(ExtensibilityGlobals) = postSolution
		SolutionGuid = {5CD6BC63-60CC-47CE-AB53-C7CAF961CBAF}
	EndGlobalSection
EndGlobal
